<?xml version="1.0" encoding="utf-8"?>
<Project ToolsVersion="4.0" xmlns="http://schemas.microsoft.com/developer/msbuild/2003">
  <ItemGroup>
    <Filter Include="Resource Files">
      <UniqueIdentifier>{67DA6AB6-F800-4c08-8B7A-83BB121AAD01}</UniqueIdentifier>
      <Extensions>rc;ico;cur;bmp;dlg;rc2;rct;bin;rgs;gif;jpg;jpeg;jpe;resx;tiff;tif;png;wav;mfcribbon-ms</Extensions>
    </Filter>
    <Filter Include="Renderer">
      <UniqueIdentifier>{641cdba9-406f-4865-ba3e-788b927aac1c}</UniqueIdentifier>
    </Filter>
    <Filter Include="Player">
      <UniqueIdentifier>{7ac06ff9-e240-4f9a-98dc-cc2270c2264b}</UniqueIdentifier>
    </Filter>
    <Filter Include="Items">
      <UniqueIdentifier>{aa7043bb-e3a1-4469-af6b-a63d46bff3dc}</UniqueIdentifier>
    </Filter>
    <Filter Include="WZ">
      <UniqueIdentifier>{ca0969c8-4364-4db2-b30e-69022cfece16}</UniqueIdentifier>
    </Filter>
    <Filter Include="Core Files">
      <UniqueIdentifier>{4FC737F1-C7A5-4376-A066-2A32D752A2FF}</UniqueIdentifier>
      <Extensions>
      </Extensions>
    </Filter>
  </ItemGroup>
  <ItemGroup>
    <ClCompile Include="Core.cpp">
      <Filter>Core Files</Filter>
    </ClCompile>
    <ClCompile Include="Player\PlayerObject.cpp">
      <Filter>Player</Filter>
    </ClCompile>
    <ClCompile Include="WZ\WZToolbox.cpp">
      <Filter>WZ</Filter>
    </ClCompile>
    <ClCompile Include="Renderer\RenderObject.cpp">
      <Filter>Renderer</Filter>
    </ClCompile>
  </ItemGroup>
  <ItemGroup>
    <ClInclude Include="Global.h">
      <Filter>Core Files</Filter>
    </ClInclude>
    <ClInclude Include="Items\MapleEquip.h">
      <Filter>Items</Filter>
    </ClInclude>
    <ClInclude Include="Items\MapleEquipStat.h">
      <Filter>Items</Filter>
    </ClInclude>
    <ClInclude Include="Items\MapleItem.h">
      <Filter>Items</Filter>
    </ClInclude>
    <ClInclude Include="Player\PlayerObject.h">
      <Filter>Player</Filter>
    </ClInclude>
    <ClInclude Include="Player\PlayerObjects.h">
      <Filter>Player</Filter>
    </ClInclude>
    <ClInclude Include="WZ\WZToolbox.h">
      <Filter>WZ</Filter>
    </ClInclude>
    <ClInclude Include="Renderer\RenderObject.h">
      <Filter>Renderer</Filter>
    </ClInclude>
    <ClInclude Include="WZ\MapleImage.h">
      <Filter>WZ</Filter>
    </ClInclude>
  </ItemGroup>
</Project>